
Microsoft Visual Studio Solution File, Format Version 12.00
# Visual Studio Version 17
VisualStudioVersion = 17.9.34723.18
MinimumVisualStudioVersion = 10.0.40219.1
Project("{FAE04EC0-301F-11D3-BF4B-00C04F79EFBC}") = "HelloWorld", "HelloWorld\HelloWorld.csproj", "{05876746-3279-44FB-918D-23151CAE5365}"
EndProject
Global
	GlobalSection(SolutionConfigurationPlatforms) = preSolution
		Debug|Any CPU = Debug|Any CPU
		Release|Any CPU = Release|Any CPU
	EndGlobalSection
	GlobalSection(ProjectConfigurationPlatforms) = postSolution
		{05876746-3279-44FB-918D-23151CAE5365}.Debug|Any CPU.ActiveCfg = Debug|Any CPU
		{05876746-3279-44FB-918D-23151CAE5365}.Debug|Any CPU.Build.0 = Debug|Any CPU
		{05876746-3279-44FB-918D-23151CAE5365}.Release|Any CPU.ActiveCfg = Release|Any CPU
		{05876746-3279-44FB-918D-23151CAE5365}.Release|Any CPU.Build.0 = Release|Any CPU
	EndGlobalSection
	GlobalSection(SolutionProperties) = preSolution
		HideSolutionNode = FALSE
	EndGlobalSection
	GlobalSection(ExtensibilityGlobals) = postSolution
		SolutionGuid = {7AB8FF43-DDB6-4D44-A40F-8DD3A7FC683F}
	EndGlobalSection
EndGlobal
